
Microsoft Visual Studio Solution File, Format Version 12.00
# Visual Studio Version 17
VisualStudioVersion = 17.7.34031.279
MinimumVisualStudioVersion = 10.0.40219.1
Project("{FAE04EC0-301F-11D3-BF4B-00C04F79EFBC}") = "BusinessObject", "BusinessObject\BusinessObject.csproj", "{224AC2A9-E8E4-407E-AD3D-AE4412616D45}"
EndProject
Project("{FAE04EC0-301F-11D3-BF4B-00C04F79EFBC}") = "DataAccess", "DataAccess\DataAccess.csproj", "{7A4FCF8A-29B1-46CD-8D25-408F980A0475}"
EndProject
Global
	GlobalSection(SolutionConfigurationPlatforms) = preSolution
		Debug|Any CPU = Debug|Any CPU
		Release|Any CPU = Release|Any CPU
	EndGlobalSection
	GlobalSection(ProjectConfigurationPlatforms) = postSolution
		{224AC2A9-E8E4-407E-AD3D-AE4412616D45}.Debug|Any CPU.ActiveCfg = Debug|Any CPU
		{224AC2A9-E8E4-407E-AD3D-AE4412616D45}.Debug|Any CPU.Build.0 = Debug|Any CPU
		{224AC2A9-E8E4-407E-AD3D-AE4412616D45}.Release|Any CPU.ActiveCfg = Release|Any CPU
		{224AC2A9-E8E4-407E-AD3D-AE4412616D45}.Release|Any CPU.Build.0 = Release|Any CPU
		{7A4FCF8A-29B1-46CD-8D25-408F980A0475}.Debug|Any CPU.ActiveCfg = Debug|Any CPU
		{7A4FCF8A-29B1-46CD-8D25-408F980A0475}.Debug|Any CPU.Build.0 = Debug|Any CPU
		{7A4FCF8A-29B1-46CD-8D25-408F980A0475}.Release|Any CPU.ActiveCfg = Release|Any CPU
		{7A4FCF8A-29B1-46CD-8D25-408F980A0475}.Release|Any CPU.Build.0 = Release|Any CPU
	EndGlobalSection
	GlobalSection(SolutionProperties) = preSolution
		HideSolutionNode = FALSE
	EndGlobalSection
	GlobalSection(ExtensibilityGlobals) = postSolution
		SolutionGuid = {30AF6578-787C-4409-8DCA-B979D6AB46EC}
	EndGlobalSection
EndGlobal
